
Microsoft Visual Studio Solution File, Format Version 12.00
# Visual Studio 15
VisualStudioVersion = 15.0.28010.2016
MinimumVisualStudioVersion = 10.0.40219.1
Project("{FAE04EC0-301F-11D3-BF4B-00C04F79EFBC}") = "OpportunityTracker", "OpportunityTracker\OpportunityTracker.csproj", "{23943A9F-044A-4294-AF4C-3E9A7C401549}"
EndProject
Global
	GlobalSection(SolutionConfigurationPlatforms) = preSolution
		Debug|Any CPU = Debug|Any CPU
		Release|Any CPU = Release|Any CPU
	EndGlobalSection
	GlobalSection(ProjectConfigurationPlatforms) = postSolution
		{23943A9F-044A-4294-AF4C-3E9A7C401549}.Debug|Any CPU.ActiveCfg = Debug|Any CPU
		{23943A9F-044A-4294-AF4C-3E9A7C401549}.Debug|Any CPU.Build.0 = Debug|Any CPU
		{23943A9F-044A-4294-AF4C-3E9A7C401549}.Release|Any CPU.ActiveCfg = Release|Any CPU
		{23943A9F-044A-4294-AF4C-3E9A7C401549}.Release|Any CPU.Build.0 = Release|Any CPU
	EndGlobalSection
	GlobalSection(SolutionProperties) = preSolution
		HideSolutionNode = FALSE
	EndGlobalSection
	GlobalSection(ExtensibilityGlobals) = postSolution
		SolutionGuid = {0198DB73-C115-416B-9224-458185104D14}
	EndGlobalSection
EndGlobal
